{
  "name": "ac0ed6aa23b37c1e",
  "lockfileVersion": 3,
  "requires": true,
  "packages": {
    "": {
      "dependencies": {
        "skills": "^1.4.5"
      }
    },
    "node_modules/skills": {
      "version": "1.4.5",
      "resolved": "https://registry.npmmirror.com/skills/-/skills-1.4.5.tgz",
      "integrity": "sha512-fu73BeQ7dXDXx5/xViL7SOlSLamJAMlSLcyjoVTUGHCoQX5ekWrRVp0Go8OJqgzakUCIKqz8UijkDLBG9c/qOg==",
      "bin": {
        "add-skill": "bin/cli.mjs",
        "skills": "bin/cli.mjs"
      },
      "engines": {
        "node": ">=18"
      }
    }
  }
}
